Microsoft Visual Studio Solution File, Format Version 12.00
# Visual Studio Version 17
VisualStudioVersion = 17.5.2.0
MinimumVisualStudioVersion = 10.0.40219.1
Project("{2150E333-8FDC-42A3-9474-1A3956D46DE8}") = "01_HandsOnLab_09-02-2026", "01_HandsOnLab_09-02-2026", "{70A9A559-4BE8-22F9-866E-9734A482A7E3}"
EndProject
Project("{FAE04EC0-301F-11D3-BF4B-00C04F79EFBC}") = "Q01_ReadInput", "01_HandsOnLab_09-02-2026\Q01_ReadInput\Q01_ReadInput.csproj", "{E3A7B44C-BA8B-CDF6-C989-56891F4EBA85}"
EndProject
Global
	GlobalSection(SolutionConfigurationPlatforms) = preSolution
		Debug|Any CPU = Debug|Any CPU
		Release|Any CPU = Release|Any CPU
	EndGlobalSection
	GlobalSection(ProjectConfigurationPlatforms) = postSolution
		{E3A7B44C-BA8B-CDF6-C989-56891F4EBA85}.Debug|Any CPU.ActiveCfg = Debug|Any CPU
		{E3A7B44C-BA8B-CDF6-C989-56891F4EBA85}.Debug|Any CPU.Build.0 = Debug|Any CPU
		{E3A7B44C-BA8B-CDF6-C989-56891F4EBA85}.Release|Any CPU.ActiveCfg = Release|Any CPU
		{E3A7B44C-BA8B-CDF6-C989-56891F4EBA85}.Release|Any CPU.Build.0 = Release|Any CPU
	EndGlobalSection
	GlobalSection(SolutionProperties) = preSolution
		HideSolutionNode = FALSE
	EndGlobalSection
	GlobalSection(NestedProjects) = preSolution
		{E3A7B44C-BA8B-CDF6-C989-56891F4EBA85} = {70A9A559-4BE8-22F9-866E-9734A482A7E3}
	EndGlobalSection
	GlobalSection(ExtensibilityGlobals) = postSolution
		SolutionGuid = {BFFE1AC5-39D4-49C4-902C-6010540722D1}
	EndGlobalSection
EndGlobal
